
Microsoft Visual Studio Solution File, Format Version 9.00
# Visual Studio 2005
Project("{FAE04EC0-301F-11D3-BF4B-00C04F79EFBC}") = "ChatClient", "ChatClient\ChatClient.csproj", "{52BEFCB3-84C7-4C0B-AA3A-24DD4EEFEB6D}"
EndProject
Project("{54435603-DBB4-11D2-8724-00A0C9A8B90C}") = "ChatSetup", "..\ChatSetup\ChatSetup.vdproj", "{17DAEDD2-F3F0-4949-981F-E8E778366AB7}"
EndProject
Global
	GlobalSection(SolutionConfigurationPlatforms) = preSolution
		Debug|Any CPU = Debug|Any CPU
		Release|Any CPU = Release|Any CPU
	EndGlobalSection
	GlobalSection(ProjectConfigurationPlatforms) = postSolution
		{52BEFCB3-84C7-4C0B-AA3A-24DD4EEFEB6D}.Debug|Any CPU.ActiveCfg = Debug|Any CPU
		{52BEFCB3-84C7-4C0B-AA3A-24DD4EEFEB6D}.Debug|Any CPU.Build.0 = Debug|Any CPU
		{52BEFCB3-84C7-4C0B-AA3A-24DD4EEFEB6D}.Release|Any CPU.ActiveCfg = Release|Any CPU
		{52BEFCB3-84C7-4C0B-AA3A-24DD4EEFEB6D}.Release|Any CPU.Build.0 = Release|Any CPU
		{17DAEDD2-F3F0-4949-981F-E8E778366AB7}.Debug|Any CPU.ActiveCfg = Debug
		{17DAEDD2-F3F0-4949-981F-E8E778366AB7}.Debug|Any CPU.Build.0 = Debug
		{17DAEDD2-F3F0-4949-981F-E8E778366AB7}.Release|Any CPU.ActiveCfg = Release
		{17DAEDD2-F3F0-4949-981F-E8E778366AB7}.Release|Any CPU.Build.0 = Release
	EndGlobalSection
	GlobalSection(SolutionProperties) = preSolution
		HideSolutionNode = FALSE
	EndGlobalSection
EndGlobal
