
Microsoft Visual Studio Solution File, Format Version 9.00
# Visual Studio 2005
Project("{E24C65DC-7377-472B-9ABA-BC803B73C61A}") = "\\bslf115\ChatService\", ".", "{0AA16961-DAC0-4DA3-91EB-851582A2BF80}"
	ProjectSection(WebsiteProperties) = preProject
		Debug.AspNetCompiler.VirtualPath = "/ChatService"
		Debug.AspNetCompiler.PhysicalPath = "D:\ChatService\"
		Debug.AspNetCompiler.TargetPath = "PrecompiledWeb\ChatService\"
		Debug.AspNetCompiler.Updateable = "true"
		Debug.AspNetCompiler.ForceOverwrite = "true"
		Debug.AspNetCompiler.FixedNames = "false"
		Debug.AspNetCompiler.Debug = "True"
		Release.AspNetCompiler.VirtualPath = "/ChatService"
		Release.AspNetCompiler.PhysicalPath = "D:\ChatService\"
		Release.AspNetCompiler.TargetPath = "PrecompiledWeb\ChatService\"
		Release.AspNetCompiler.Updateable = "true"
		Release.AspNetCompiler.ForceOverwrite = "true"
		Release.AspNetCompiler.FixedNames = "false"
		Release.AspNetCompiler.Debug = "False"
		VWDPort = "1856"
		DefaultWebSiteLanguage = "Visual C#"
	EndProjectSection
EndProject
Global
	GlobalSection(SolutionConfigurationPlatforms) = preSolution
		Debug|.NET = Debug|.NET
	EndGlobalSection
	GlobalSection(ProjectConfigurationPlatforms) = postSolution
		{0AA16961-DAC0-4DA3-91EB-851582A2BF80}.Debug|.NET.ActiveCfg = Debug|.NET
		{0AA16961-DAC0-4DA3-91EB-851582A2BF80}.Debug|.NET.Build.0 = Debug|.NET
	EndGlobalSection
	GlobalSection(SolutionProperties) = preSolution
		HideSolutionNode = FALSE
	EndGlobalSection
EndGlobal
